
Microsoft Visual Studio Solution File, Format Version 12.00
# Visual Studio Version 17
VisualStudioVersion = 17.2.32516.85
MinimumVisualStudioVersion = 10.0.40219.1
Project("{9A19103F-16F7-4668-BE54-9A1E7A4F7556}") = "Gymopedia", "Gymopedia\Gymopedia.csproj", "{3C83337C-749E-4CCF-9D4E-E6A4A58437AD}"
EndProject
Project("{9A19103F-16F7-4668-BE54-9A1E7A4F7556}") = "Gymopedia.Domain", "Gymopedia.Domain\Gymopedia.Domain.csproj", "{34CABB16-F48C-4ECD-988A-9452BDEBDFD8}"
EndProject
Project("{9A19103F-16F7-4668-BE54-9A1E7A4F7556}") = "Gymopedia.Core", "Gymopedia.Core\Gymopedia.Core.csproj", "{7A83A642-1DC4-4094-88E8-3706F9024AB9}"
EndProject
Project("{9A19103F-16F7-4668-BE54-9A1E7A4F7556}") = "Gymopedia.Infrastructure", "Gymopedia.Infrastructure\Gymopedia.Infrastructure.csproj", "{D47A8E6B-4761-4D5E-836B-C4A421A8DA0A}"
EndProject
Project("{2150E333-8FDC-42A3-9474-1A3956D46DE8}") = "ExternalService", "ExternalService", "{2D8E8B10-6CAF-4E5F-9371-47AD786690A9}"
EndProject
Project("{FAE04EC0-301F-11D3-BF4B-00C04F79EFBC}") = "Gymopedia.Telegram", "Gymopedia.Telegram\Gymopedia.Telegram.csproj", "{61581C9A-6150-4058-B53C-3E24493F8DCA}"
EndProject
Project("{FAE04EC0-301F-11D3-BF4B-00C04F79EFBC}") = "Gymopedia.Data", "Gymopedia.Data\Gymopedia.Data.csproj", "{2B30DC1E-6BD8-4BBD-81F0-B55A6EE7770D}"
EndProject
Global
	GlobalSection(SolutionConfigurationPlatforms) = preSolution
		Debug|Any CPU = Debug|Any CPU
		Release|Any CPU = Release|Any CPU
	EndGlobalSection
	GlobalSection(ProjectConfigurationPlatforms) = postSolution
		{3C83337C-749E-4CCF-9D4E-E6A4A58437AD}.Debug|Any CPU.ActiveCfg = Debug|Any CPU
		{3C83337C-749E-4CCF-9D4E-E6A4A58437AD}.Debug|Any CPU.Build.0 = Debug|Any CPU
		{3C83337C-749E-4CCF-9D4E-E6A4A58437AD}.Release|Any CPU.ActiveCfg = Release|Any CPU
		{3C83337C-749E-4CCF-9D4E-E6A4A58437AD}.Release|Any CPU.Build.0 = Release|Any CPU
		{34CABB16-F48C-4ECD-988A-9452BDEBDFD8}.Debug|Any CPU.ActiveCfg = Debug|Any CPU
		{34CABB16-F48C-4ECD-988A-9452BDEBDFD8}.Debug|Any CPU.Build.0 = Debug|Any CPU
		{34CABB16-F48C-4ECD-988A-9452BDEBDFD8}.Release|Any CPU.ActiveCfg = Release|Any CPU
		{34CABB16-F48C-4ECD-988A-9452BDEBDFD8}.Release|Any CPU.Build.0 = Release|Any CPU
		{7A83A642-1DC4-4094-88E8-3706F9024AB9}.Debug|Any CPU.ActiveCfg = Debug|Any CPU
		{7A83A642-1DC4-4094-88E8-3706F9024AB9}.Debug|Any CPU.Build.0 = Debug|Any CPU
		{7A83A642-1DC4-4094-88E8-3706F9024AB9}.Release|Any CPU.ActiveCfg = Release|Any CPU
		{7A83A642-1DC4-4094-88E8-3706F9024AB9}.Release|Any CPU.Build.0 = Release|Any CPU
		{D47A8E6B-4761-4D5E-836B-C4A421A8DA0A}.Debug|Any CPU.ActiveCfg = Debug|Any CPU
		{D47A8E6B-4761-4D5E-836B-C4A421A8DA0A}.Debug|Any CPU.Build.0 = Debug|Any CPU
		{D47A8E6B-4761-4D5E-836B-C4A421A8DA0A}.Release|Any CPU.ActiveCfg = Release|Any CPU
		{D47A8E6B-4761-4D5E-836B-C4A421A8DA0A}.Release|Any CPU.Build.0 = Release|Any CPU
		{61581C9A-6150-4058-B53C-3E24493F8DCA}.Debug|Any CPU.ActiveCfg = Debug|Any CPU
		{61581C9A-6150-4058-B53C-3E24493F8DCA}.Debug|Any CPU.Build.0 = Debug|Any CPU
		{61581C9A-6150-4058-B53C-3E24493F8DCA}.Release|Any CPU.ActiveCfg = Release|Any CPU
		{61581C9A-6150-4058-B53C-3E24493F8DCA}.Release|Any CPU.Build.0 = Release|Any CPU
		{2B30DC1E-6BD8-4BBD-81F0-B55A6EE7770D}.Debug|Any CPU.ActiveCfg = Debug|Any CPU
		{2B30DC1E-6BD8-4BBD-81F0-B55A6EE7770D}.Debug|Any CPU.Build.0 = Debug|Any CPU
		{2B30DC1E-6BD8-4BBD-81F0-B55A6EE7770D}.Release|Any CPU.ActiveCfg = Release|Any CPU
		{2B30DC1E-6BD8-4BBD-81F0-B55A6EE7770D}.Release|Any CPU.Build.0 = Release|Any CPU
	EndGlobalSection
	GlobalSection(SolutionProperties) = preSolution
		HideSolutionNode = FALSE
	EndGlobalSection
	GlobalSection(NestedProjects) = preSolution
		{61581C9A-6150-4058-B53C-3E24493F8DCA} = {2D8E8B10-6CAF-4E5F-9371-47AD786690A9}
	EndGlobalSection
	GlobalSection(ExtensibilityGlobals) = postSolution
		SolutionGuid = {1E0163CD-E10A-4870-B05B-49DB6B0E4956}
	EndGlobalSection
EndGlobal
